// !$*UTF8*$!
{
	archiveVersion = 1;
	classes = {
	};
	objectVersion = 46;
	objects = {

/* Begin PBXBuildFile section */
		BCC71C001BC60EA200F6CA07 /* main.m in Sources */ = {isa = PBXBuildFile; fileRef = BCC71BFF1BC60EA200F6CA07 /* main.m */; };
		BCC71C081BC60EBB00F6CA07 /* Person.m in Sources */ = {isa = PBXBuildFile; fileRef = BCC71C071BC60EBB00F6CA07 /* Person.m */; };
		BCC71C0B1BC60FFF00F6CA07 /* Address.m in Sources */ = {isa = PBXBuildFile; fileRef = BCC71C0A1BC60FFF00F6CA07 /* Address.m */; };
		BCC71C0E1BC6128B00F6CA07 /* NSObject+Model.m in Sources */ = {isa = PBXBuildFile; fileRef = BCC71C0D1BC6128B00F6CA07 /* NSObject+Model.m */; };
/* End PBXBuildFile section */

/* Begin PBXCopyFilesBuildPhase section */
		BCC71BFA1BC60EA200F6CA07 /* CopyFiles */ = {
			isa = PBXCopyFilesBuildPhase;
			buildActionMask = 2147483647;
			dstPath = /usr/share/man/man1/;
			dstSubfolderSpec = 0;
			files = (
			);
			runOnlyForDeploymentPostprocessing = 1;
		};
/* End PBXCopyFilesBuildPhase section */

/* Begin PBXFileReference section */
		BCC71BFC1BC60EA200F6CA07 /* 02-Model封装 */ = {isa = PBXFileReference; explicitFileType = "compiled.mach-o.executable"; includeInIndex = 0; path = "02-Model封装"; sourceTree = BUILT_PRODUCTS_DIR; };
		BCC71BFF1BC60EA200F6CA07 /* main.m */ = {isa = PBXFileReference; lastKnownFileType = sourcecode.c.objc; path = main.m; sourceTree = "<group>"; };
		BCC71C061BC60EBB00F6CA07 /* Person.h */ = {isa = PBXFileReference; fileEncoding = 4; lastKnownFileType = sourcecode.c.h; path = Person.h; sourceTree = "<group>"; };
		BCC71C071BC60EBB00F6CA07 /* Person.m */ = {isa = PBXFileReference; fileEncoding = 4; lastKnownFileType = sourcecode.c.objc; path = Person.m; sourceTree = "<group>"; };
		BCC71C091BC60FFF00F6CA07 /* Address.h */ = {isa = PBXFileReference; fileEncoding = 4; lastKnownFileType = sourcecode.c.h; path = Address.h; sourceTree = "<group>"; };
		BCC71C0A1BC60FFF00F6CA07 /* Address.m */ = {isa = PBXFileReference; fileEncoding = 4; lastKnownFileType = sourcecode.c.objc; path = Address.m; sourceTree = "<group>"; };
		BCC71C0C1BC6128B00F6CA07 /* NSObject+Model.h */ = {isa = PBXFileReference; fileEncoding = 4; lastKnownFileType = sourcecode.c.h; path = "NSObject+Model.h"; sourceTree = "<group>"; };
		BCC71C0D1BC6128B00F6CA07 /* NSObject+Model.m */ = {isa = PBXFileReference; fileEncoding = 4; lastKnownFileType = sourcecode.c.objc; path = "NSObject+Model.m"; sourceTree = "<group>"; };
/* End PBXFileReference section */

/* Begin PBXFrameworksBuildPhase section */
		BCC71BF91BC60EA200F6CA07 /* Frameworks */ = {
			isa = PBXFrameworksBuildPhase;
			buildActionMask = 2147483647;
			files = (
			);
			runOnlyForDeploymentPostprocessing = 0;
		};
/* End PBXFrameworksBuildPhase section */

/* Begin PBXGroup section */
		BCC71BF31BC60EA200F6CA07 = {
			isa = PBXGroup;
			children = (
				BCC71BFE1BC60EA200F6CA07 /* 02-Model封装 */,
				BCC71BFD1BC60EA200F6CA07 /* Products */,
			);
			sourceTree = "<group>";
		};
		BCC71BFD1BC60EA200F6CA07 /* Products */ = {
			isa = PBXGroup;
			children = (
				BCC71BFC1BC60EA200F6CA07 /* 02-Model封装 */,
			);
			name = Products;
			sourceTree = "<group>";
		};
		BCC71BFE1BC60EA200F6CA07 /* 02-Model封装 */ = {
			isa = PBXGroup;
			children = (
				BCC71BFF1BC60EA200F6CA07 /* main.m */,
				BCC71C0C1BC6128B00F6CA07 /* NSObject+Model.h */,
				BCC71C0D1BC6128B00F6CA07 /* NSObject+Model.m */,
				BCC71C061BC60EBB00F6CA07 /* Person.h */,
				BCC71C071BC60EBB00F6CA07 /* Person.m */,
				BCC71C091BC60FFF00F6CA07 /* Address.h */,
				BCC71C0A1BC60FFF00F6CA07 /* Address.m */,
			);
			path = "02-Model封装";
			sourceTree = "<group>";
		};
/* End PBXGroup section */

/* Begin PBXNativeTarget section */
		BCC71BFB1BC60EA200F6CA07 /* 02-Model封装 */ = {
			isa = PBXNativeTarget;
			buildConfigurationList = BCC71C031BC60EA200F6CA07 /* Build configuration list for PBXNativeTarget "02-Model封装" */;
			buildPhases = (
				BCC71BF81BC60EA200F6CA07 /* Sources */,
				BCC71BF91BC60EA200F6CA07 /* Frameworks */,
				BCC71BFA1BC60EA200F6CA07 /* CopyFiles */,
			);
			buildRules = (
			);
			dependencies = (
			);
			name = "02-Model封装";
			productName = "02-Model封装";
			productReference = BCC71BFC1BC60EA200F6CA07 /* 02-Model封装 */;
			productType = "com.apple.product-type.tool";
		};
/* End PBXNativeTarget section */

/* Begin PBXProject section */
		BCC71BF41BC60EA200F6CA07 /* Project object */ = {
			isa = PBXProject;
			attributes = {
				LastUpgradeCheck = 0610;
				ORGANIZATIONNAME = "肖喆";
				TargetAttributes = {
					BCC71BFB1BC60EA200F6CA07 = {
						CreatedOnToolsVersion = 6.1;
					};
				};
			};
			buildConfigurationList = BCC71BF71BC60EA200F6CA07 /* Build configuration list for PBXProject "02-Model封装" */;
			compatibilityVersion = "Xcode 3.2";
			developmentRegion = English;
			hasScannedForEncodings = 0;
			knownRegions = (
				en,
			);
			mainGroup = BCC71BF31BC60EA200F6CA07;
			productRefGroup = BCC71BFD1BC60EA200F6CA07 /* Products */;
			projectDirPath = "";
			projectRoot = "";
			targets = (
				BCC71BFB1BC60EA200F6CA07 /* 02-Model封装 */,
			);
		};
/* End PBXProject section */

/* Begin PBXSourcesBuildPhase section */
		BCC71BF81BC60EA200F6CA07 /* Sources */ = {
			isa = PBXSourcesBuildPhase;
			buildActionMask = 2147483647;
			files = (
				BCC71C0B1BC60FFF00F6CA07 /* Address.m in Sources */,
				BCC71C081BC60EBB00F6CA07 /* Person.m in Sources */,
				BCC71C001BC60EA200F6CA07 /* main.m in Sources */,
				BCC71C0E1BC6128B00F6CA07 /* NSObject+Model.m in Sources */,
			);
			runOnlyForDeploymentPostprocessing = 0;
		};
/* End PBXSourcesBuildPhase section */

/* Begin XCBuildConfiguration section */
		BCC71C011BC60EA200F6CA07 /* Debug */ = {
			isa = XCBuildConfiguration;
			buildSettings = {
				ALWAYS_SEARCH_USER_PATHS = NO;
				CLANG_CXX_LANGUAGE_STANDARD = "gnu++0x";
				CLANG_CXX_LIBRARY = "libc++";
				CLANG_ENABLE_MODULES = YES;
				CLANG_ENABLE_OBJC_ARC = YES;
				CLANG_WARN_BOOL_CONVERSION = YES;
				CLANG_WARN_CONSTANT_CONVERSION = YES;
				CLANG_WARN_DIRECT_OBJC_ISA_USAGE = YES_ERROR;
				CLANG_WARN_EMPTY_BODY = YES;
				CLANG_WARN_ENUM_CONVERSION = YES;
				CLANG_WARN_INT_CONVERSION = YES;
				CLANG_WARN_OBJC_ROOT_CLASS = YES_ERROR;
				CLANG_WARN_UNREACHABLE_CODE = YES;
				CLANG_WARN__DUPLICATE_METHOD_MATCH = YES;
				COPY_PHASE_STRIP = NO;
				ENABLE_STRICT_OBJC_MSGSEND = YES;
				GCC_C_LANGUAGE_STANDARD = gnu99;
				GCC_DYNAMIC_NO_PIC = NO;
				GCC_OPTIMIZATION_LEVEL = 0;
				GCC_PREPROCESSOR_DEFINITIONS = (
					"DEBUG=1",
					"$(inherited)",
				);
				GCC_SYMBOLS_PRIVATE_EXTERN = NO;
				GCC_WARN_64_TO_32_BIT_CONVERSION = YES;
				GCC_WARN_ABOUT_RETURN_TYPE = YES_ERROR;
				GCC_WARN_UNDECLARED_SELECTOR = YES;
				GCC_WARN_UNINITIALIZED_AUTOS = YES_AGGRESSIVE;
				GCC_WARN_UNUSED_FUNCTION = YES;
				GCC_WARN_UNUSED_VARIABLE = YES;
				MACOSX_DEPLOYMENT_TARGET = 10.9;
				MTL_ENABLE_DEBUG_INFO = YES;
				ONLY_ACTIVE_ARCH = YES;
				SDKROOT = macosx;
			};
			name = Debug;
		};
		BCC71C021BC60EA200F6CA07 /* Release */ = {
			isa = XCBuildConfiguration;
			buildSettings = {
				ALWAYS_SEARCH_USER_PATHS = NO;
				CLANG_CXX_LANGUAGE_STANDARD = "gnu++0x";
				CLANG_CXX_LIBRARY = "libc++";
				CLANG_ENABLE_MODULES = YES;
				CLANG_ENABLE_OBJC_ARC = YES;
				CLANG_WARN_BOOL_CONVERSION = YES;
				CLANG_WARN_CONSTANT_CONVERSION = YES;
				CLANG_WARN_DIRECT_OBJC_ISA_USAGE = YES_ERROR;
				CLANG_WARN_EMPTY_BODY = YES;
				CLANG_WARN_ENUM_CONVERSION = YES;
				CLANG_WARN_INT_CONVERSION = YES;
				CLANG_WARN_OBJC_ROOT_CLASS = YES_ERROR;
				CLANG_WARN_UNREACHABLE_CODE = YES;
				CLANG_WARN__DUPLICATE_METHOD_MATCH = YES;
				COPY_PHASE_STRIP = YES;
				DEBUG_INFORMATION_FORMAT = "dwarf-with-dsym";
				ENABLE_NS_ASSERTIONS = NO;
				ENABLE_STRICT_OBJC_MSGSEND = YES;
				GCC_C_LANGUAGE_STANDARD = gnu99;
				GCC_WARN_64_TO_32_BIT_CONVERSION = YES;
				GCC_WARN_ABOUT_RETURN_TYPE = YES_ERROR;
				GCC_WARN_UNDECLARED_SELECTOR = YES;
				GCC_WARN_UNINITIALIZED_AUTOS = YES_AGGRESSIVE;
				GCC_WARN_UNUSED_FUNCTION = YES;
				GCC_WARN_UNUSED_VARIABLE = YES;
				MACOSX_DEPLOYMENT_TARGET = 10.9;
				MTL_ENABLE_DEBUG_INFO = NO;
				SDKROOT = macosx;
			};
			name = Release;
		};
		BCC71C041BC60EA200F6CA07 /* Debug */ = {
			isa = XCBuildConfiguration;
			buildSettings = {
				PRODUCT_NAME = "$(TARGET_NAME)";
			};
			name = Debug;
		};
		BCC71C051BC60EA200F6CA07 /* Release */ = {
			isa = XCBuildConfiguration;
			buildSettings = {
				PRODUCT_NAME = "$(TARGET_NAME)";
			};
			name = Release;
		};
/* End XCBuildConfiguration section */

/* Begin XCConfigurationList section */
		BCC71BF71BC60EA200F6CA07 /* Build configuration list for PBXProject "02-Model封装" */ = {
			isa = XCConfigurationList;
			buildConfigurations = (
				BCC71C011BC60EA200F6CA07 /* Debug */,
				BCC71C021BC60EA200F6CA07 /* Release */,
			);
			defaultConfigurationIsVisible = 0;
			defaultConfigurationName = Release;
		};
		BCC71C031BC60EA200F6CA07 /* Build configuration list for PBXNativeTarget "02-Model封装" */ = {
			isa = XCConfigurationList;
			buildConfigurations = (
				BCC71C041BC60EA200F6CA07 /* Debug */,
				BCC71C051BC60EA200F6CA07 /* Release */,
			);
			defaultConfigurationIsVisible = 0;
		};
/* End XCConfigurationList section */
	};
	rootObject = BCC71BF41BC60EA200F6CA07 /* Project object */;
}
